
Microsoft Visual Studio Solution File, Format Version 11.00
# Visual Studio 2010
Project("{FAE04EC0-301F-11D3-BF4B-00C04F79EFBC}") = "Assembly-CSharp-Editor", "Assembly-CSharp-Editor.csproj", "{9928b1ba-47cb-4776-4614-e3ec52e31919}"
EndProject
Project("{FAE04EC0-301F-11D3-BF4B-00C04F79EFBC}") = "Assembly-CSharp", "Assembly-CSharp.csproj", "{e734af79-7935-2e42-a86e-19ee39ba4b28}"
EndProject
Global
	GlobalSection(SolutionConfigurationPlatforms) = preSolution
		Debug|Any CPU = Debug|Any CPU
	EndGlobalSection
	GlobalSection(ProjectConfigurationPlatforms) = postSolution
		{9928b1ba-47cb-4776-4614-e3ec52e31919}.Debug|Any CPU.ActiveCfg = Debug|Any CPU
		{9928b1ba-47cb-4776-4614-e3ec52e31919}.Debug|Any CPU.Build.0 = Debug|Any CPU
		{e734af79-7935-2e42-a86e-19ee39ba4b28}.Debug|Any CPU.ActiveCfg = Debug|Any CPU
		{e734af79-7935-2e42-a86e-19ee39ba4b28}.Debug|Any CPU.Build.0 = Debug|Any CPU
	EndGlobalSection
	GlobalSection(SolutionProperties) = preSolution
		HideSolutionNode = FALSE
	EndGlobalSection
EndGlobal
